
Microsoft Visual Studio Solution File, Format Version 12.00
# Visual Studio Version 17
VisualStudioVersion = 17.2.32516.85
MinimumVisualStudioVersion = 10.0.40219.1
Project("{FAE04EC0-301F-11D3-BF4B-00C04F79EFBC}") = "parsmount", "parsmount\parsmount.csproj", "{98FFE788-EC8A-407D-9930-E1B4CBB6FF36}"
EndProject
Global
	GlobalSection(SolutionConfigurationPlatforms) = preSolution
		Debug|Any CPU = Debug|Any CPU
		Release|Any CPU = Release|Any CPU
	EndGlobalSection
	GlobalSection(ProjectConfigurationPlatforms) = postSolution
		{98FFE788-EC8A-407D-9930-E1B4CBB6FF36}.Debug|Any CPU.ActiveCfg = Debug|Any CPU
		{98FFE788-EC8A-407D-9930-E1B4CBB6FF36}.Debug|Any CPU.Build.0 = Debug|Any CPU
		{98FFE788-EC8A-407D-9930-E1B4CBB6FF36}.Release|Any CPU.ActiveCfg = Release|Any CPU
		{98FFE788-EC8A-407D-9930-E1B4CBB6FF36}.Release|Any CPU.Build.0 = Release|Any CPU
	EndGlobalSection
	GlobalSection(SolutionProperties) = preSolution
		HideSolutionNode = FALSE
	EndGlobalSection
	GlobalSection(ExtensibilityGlobals) = postSolution
		SolutionGuid = {B31DD192-32C7-4467-AC47-16D973E786EC}
	EndGlobalSection
EndGlobal
